
Microsoft Visual Studio Solution File, Format Version 12.00
# Visual Studio 14
VisualStudioVersion = 14.0.25420.1
MinimumVisualStudioVersion = 10.0.40219.1
Project("{FAE04EC0-301F-11D3-BF4B-00C04F79EFBC}") = "KozzionCryptography", "KozzionCryptography\KozzionCryptography.csproj", "{4FB550CD-F210-4DC6-A08A-6A38EE11DEA7}"
EndProject
Project("{FAE04EC0-301F-11D3-BF4B-00C04F79EFBC}") = "KozzionCryptographyTest", "KozzionCryptographyTest\KozzionCryptographyTest.csproj", "{4BA13705-E6A7-43E2-9517-5D8E1C3F2593}"
EndProject
Project("{FAE04EC0-301F-11D3-BF4B-00C04F79EFBC}") = "KozzionMathematicsTest", "KozzionMathematicsTest\KozzionMathematicsTest.csproj", "{1F867658-E0C3-467B-B670-89811E74090D}"
EndProject
Project("{FAE04EC0-301F-11D3-BF4B-00C04F79EFBC}") = "KozzionMathematics", "KozzionMathematics\KozzionMathematics.csproj", "{46A68A25-5D99-45E3-B206-0C1C03CEBA32}"
EndProject
Project("{FAE04EC0-301F-11D3-BF4B-00C04F79EFBC}") = "KozzionCore", "KozzionCore\KozzionCore.csproj", "{8102CCED-B941-4766-AFF8-7C2282506932}"
EndProject
Project("{FAE04EC0-301F-11D3-BF4B-00C04F79EFBC}") = "KozzionMachineLearning", "KozzionMachineLearning\KozzionMachineLearning.csproj", "{6FDF2E5F-5821-49A6-ABA7-3F85EBC510BE}"
EndProject
Project("{FAE04EC0-301F-11D3-BF4B-00C04F79EFBC}") = "KozzionGraphics", "KozzionGraphics\KozzionGraphics.csproj", "{215E985C-FBD1-4E1F-A27A-4B6631211F7B}"
EndProject
Project("{FAE04EC0-301F-11D3-BF4B-00C04F79EFBC}") = "KozzionGraphicsTest", "KozzionGraphicsTest\KozzionGraphicsTest.csproj", "{1300325F-CBF8-4B28-AF91-E5FDCF08956A}"
EndProject
Project("{FAE04EC0-301F-11D3-BF4B-00C04F79EFBC}") = "KozzionMachineLearningTest", "KozzionMachineLearningTest\KozzionMachineLearningTest.csproj", "{0E9AD346-142B-4D05-A626-11EB1A68EF95}"
EndProject
Project("{FAE04EC0-301F-11D3-BF4B-00C04F79EFBC}") = "KozzionPlotting", "KozzionPlotting\KozzionPlotting.csproj", "{E7959EA0-5C64-476C-888F-831E056A059D}"
EndProject
Project("{2150E333-8FDC-42A3-9474-1A3956D46DE8}") = ".nuget", ".nuget", "{16CB5393-EE7A-4624-8086-5ABA925A0946}"
	ProjectSection(SolutionItems) = preProject
		.nuget\NuGet.Config = .nuget\NuGet.Config
		.nuget\NuGet.exe = .nuget\NuGet.exe
		.nuget\NuGet.targets = .nuget\NuGet.targets
	EndProjectSection
EndProject
Project("{FAE04EC0-301F-11D3-BF4B-00C04F79EFBC}") = "KozzionGeography", "KozzionGeography\KozzionGeography.csproj", "{D94BE884-1105-47EF-A29F-64B4374214E5}"
EndProject
Project("{FAE04EC0-301F-11D3-BF4B-00C04F79EFBC}") = "KozzionGeographyCL", "KozzionGeographyCL\KozzionGeographyCL.csproj", "{B19A6562-75F7-4698-B751-B1A10D02BD95}"
EndProject
Project("{FAE04EC0-301F-11D3-BF4B-00C04F79EFBC}") = "KozzionMachineLearningCL", "KozzionMachineLearningCL\KozzionMachineLearningCL.csproj", "{0551EAAC-8848-4FB7-91EE-28EC8231E7F4}"
EndProject
Project("{FAE04EC0-301F-11D3-BF4B-00C04F79EFBC}") = "KozzionMachineLearningUI", "KozzionMachineLearningUI\KozzionMachineLearningUI.csproj", "{C181F9BB-7B68-40B0-B829-8A87D23BB127}"
EndProject
Project("{FAE04EC0-301F-11D3-BF4B-00C04F79EFBC}") = "KozzionAudio", "KozzionAudio\KozzionAudio.csproj", "{C6384700-6BD4-4BD1-B3CD-6A2D79707978}"
EndProject
Project("{FAE04EC0-301F-11D3-BF4B-00C04F79EFBC}") = "KozzionAudioUI", "KozzionAudioUI\KozzionAudioUI.csproj", "{7E9B226C-0E2B-42B9-BC2B-9AE3CA7E1813}"
EndProject
Project("{FAE04EC0-301F-11D3-BF4B-00C04F79EFBC}") = "KozzionAudioCL", "KozzionAudioCL\KozzionAudioCL.csproj", "{5A9B52D6-4FCC-4295-A5BB-FD3299D01ECD}"
EndProject
Project("{FAE04EC0-301F-11D3-BF4B-00C04F79EFBC}") = "DisproveGravity", "DisproveGravity\DisproveGravity.csproj", "{84B30F21-1746-47E9-9CF0-2D34A3A97014}"
EndProject
Project("{FAE04EC0-301F-11D3-BF4B-00C04F79EFBC}") = "KozzionCoreTest", "KozzionCoreTest\KozzionCoreTest.csproj", "{553B3052-A27C-47BF-9A05-D81C6AD9D829}"
EndProject
Project("{FAE04EC0-301F-11D3-BF4B-00C04F79EFBC}") = "KozzionNetwork", "KozzionNetwork\KozzionNetwork.csproj", "{53A4AF81-7C7E-41F1-814A-BE292507C64B}"
EndProject
Project("{FAE04EC0-301F-11D3-BF4B-00C04F79EFBC}") = "KozzionNetworkCL", "KozzionNetworkCL\KozzionNetworkCL.csproj", "{F7AE078A-CB37-4477-9E2F-B696E1BCF29A}"
EndProject
Global
	GlobalSection(SolutionConfigurationPlatforms) = preSolution
		Debug|Any CPU = Debug|Any CPU
		Debug|ARM = Debug|ARM
		Debug|x64 = Debug|x64
		Debug|x86 = Debug|x86
		Release|Any CPU = Release|Any CPU
		Release|ARM = Release|ARM
		Release|x64 = Release|x64
		Release|x86 = Release|x86
	EndGlobalSection
	GlobalSection(ProjectConfigurationPlatforms) = postSolution
		{4FB550CD-F210-4DC6-A08A-6A38EE11DEA7}.Debug|Any CPU.ActiveCfg = Debug|Any CPU
		{4FB550CD-F210-4DC6-A08A-6A38EE11DEA7}.Debug|Any CPU.Build.0 = Debug|Any CPU
		{4FB550CD-F210-4DC6-A08A-6A38EE11DEA7}.Debug|ARM.ActiveCfg = Debug|Any CPU
		{4FB550CD-F210-4DC6-A08A-6A38EE11DEA7}.Debug|x64.ActiveCfg = Debug|x64
		{4FB550CD-F210-4DC6-A08A-6A38EE11DEA7}.Debug|x64.Build.0 = Debug|x64
		{4FB550CD-F210-4DC6-A08A-6A38EE11DEA7}.Debug|x86.ActiveCfg = Debug|x86
		{4FB550CD-F210-4DC6-A08A-6A38EE11DEA7}.Debug|x86.Build.0 = Debug|x86
		{4FB550CD-F210-4DC6-A08A-6A38EE11DEA7}.Release|Any CPU.ActiveCfg = Release|Any CPU
		{4FB550CD-F210-4DC6-A08A-6A38EE11DEA7}.Release|Any CPU.Build.0 = Release|Any CPU
		{4FB550CD-F210-4DC6-A08A-6A38EE11DEA7}.Release|ARM.ActiveCfg = Release|Any CPU
		{4FB550CD-F210-4DC6-A08A-6A38EE11DEA7}.Release|x64.ActiveCfg = Release|x64
		{4FB550CD-F210-4DC6-A08A-6A38EE11DEA7}.Release|x64.Build.0 = Release|x64
		{4FB550CD-F210-4DC6-A08A-6A38EE11DEA7}.Release|x86.ActiveCfg = Release|Any CPU
		{4FB550CD-F210-4DC6-A08A-6A38EE11DEA7}.Release|x86.Build.0 = Release|x86
		{4BA13705-E6A7-43E2-9517-5D8E1C3F2593}.Debug|Any CPU.ActiveCfg = Debug|Any CPU
		{4BA13705-E6A7-43E2-9517-5D8E1C3F2593}.Debug|ARM.ActiveCfg = Debug|Any CPU
		{4BA13705-E6A7-43E2-9517-5D8E1C3F2593}.Debug|x64.ActiveCfg = Debug|x64
		{4BA13705-E6A7-43E2-9517-5D8E1C3F2593}.Debug|x64.Build.0 = Debug|x64
		{4BA13705-E6A7-43E2-9517-5D8E1C3F2593}.Debug|x86.ActiveCfg = Debug|Any CPU
		{4BA13705-E6A7-43E2-9517-5D8E1C3F2593}.Release|Any CPU.ActiveCfg = Release|Any CPU
		{4BA13705-E6A7-43E2-9517-5D8E1C3F2593}.Release|ARM.ActiveCfg = Release|Any CPU
		{4BA13705-E6A7-43E2-9517-5D8E1C3F2593}.Release|x64.ActiveCfg = Release|x64
		{4BA13705-E6A7-43E2-9517-5D8E1C3F2593}.Release|x64.Build.0 = Release|x64
		{4BA13705-E6A7-43E2-9517-5D8E1C3F2593}.Release|x86.ActiveCfg = Release|Any CPU
		{1F867658-E0C3-467B-B670-89811E74090D}.Debug|Any CPU.ActiveCfg = Debug|Any CPU
		{1F867658-E0C3-467B-B670-89811E74090D}.Debug|ARM.ActiveCfg = Debug|Any CPU
		{1F867658-E0C3-467B-B670-89811E74090D}.Debug|ARM.Build.0 = Debug|Any CPU
		{1F867658-E0C3-467B-B670-89811E74090D}.Debug|x64.ActiveCfg = Debug|x64
		{1F867658-E0C3-467B-B670-89811E74090D}.Debug|x64.Build.0 = Debug|x64
		{1F867658-E0C3-467B-B670-89811E74090D}.Debug|x86.ActiveCfg = Debug|x86
		{1F867658-E0C3-467B-B670-89811E74090D}.Debug|x86.Build.0 = Debug|x86
		{1F867658-E0C3-467B-B670-89811E74090D}.Release|Any CPU.ActiveCfg = Release|Any CPU
		{1F867658-E0C3-467B-B670-89811E74090D}.Release|ARM.ActiveCfg = Release|Any CPU
		{1F867658-E0C3-467B-B670-89811E74090D}.Release|ARM.Build.0 = Release|Any CPU
		{1F867658-E0C3-467B-B670-89811E74090D}.Release|x64.ActiveCfg = Release|x64
		{1F867658-E0C3-467B-B670-89811E74090D}.Release|x64.Build.0 = Release|x64
		{1F867658-E0C3-467B-B670-89811E74090D}.Release|x86.ActiveCfg = Release|Any CPU
		{46A68A25-5D99-45E3-B206-0C1C03CEBA32}.Debug|Any CPU.ActiveCfg = Debug|Any CPU
		{46A68A25-5D99-45E3-B206-0C1C03CEBA32}.Debug|Any CPU.Build.0 = Debug|Any CPU
		{46A68A25-5D99-45E3-B206-0C1C03CEBA32}.Debug|ARM.ActiveCfg = Debug|Any CPU
		{46A68A25-5D99-45E3-B206-0C1C03CEBA32}.Debug|ARM.Build.0 = Debug|Any CPU
		{46A68A25-5D99-45E3-B206-0C1C03CEBA32}.Debug|x64.ActiveCfg = Debug|x64
		{46A68A25-5D99-45E3-B206-0C1C03CEBA32}.Debug|x64.Build.0 = Debug|x64
		{46A68A25-5D99-45E3-B206-0C1C03CEBA32}.Debug|x86.ActiveCfg = Debug|x86
		{46A68A25-5D99-45E3-B206-0C1C03CEBA32}.Debug|x86.Build.0 = Debug|x86
		{46A68A25-5D99-45E3-B206-0C1C03CEBA32}.Release|Any CPU.ActiveCfg = Release|Any CPU
		{46A68A25-5D99-45E3-B206-0C1C03CEBA32}.Release|Any CPU.Build.0 = Release|Any CPU
		{46A68A25-5D99-45E3-B206-0C1C03CEBA32}.Release|ARM.ActiveCfg = Release|Any CPU
		{46A68A25-5D99-45E3-B206-0C1C03CEBA32}.Release|ARM.Build.0 = Release|Any CPU
		{46A68A25-5D99-45E3-B206-0C1C03CEBA32}.Release|x64.ActiveCfg = Release|x64
		{46A68A25-5D99-45E3-B206-0C1C03CEBA32}.Release|x64.Build.0 = Release|x64
		{46A68A25-5D99-45E3-B206-0C1C03CEBA32}.Release|x86.ActiveCfg = Release|x86
		{46A68A25-5D99-45E3-B206-0C1C03CEBA32}.Release|x86.Build.0 = Release|x86
		{8102CCED-B941-4766-AFF8-7C2282506932}.Debug|Any CPU.ActiveCfg = Debug|Any CPU
		{8102CCED-B941-4766-AFF8-7C2282506932}.Debug|Any CPU.Build.0 = Debug|Any CPU
		{8102CCED-B941-4766-AFF8-7C2282506932}.Debug|ARM.ActiveCfg = Debug|Any CPU
		{8102CCED-B941-4766-AFF8-7C2282506932}.Debug|ARM.Build.0 = Debug|Any CPU
		{8102CCED-B941-4766-AFF8-7C2282506932}.Debug|x64.ActiveCfg = Debug|x64
		{8102CCED-B941-4766-AFF8-7C2282506932}.Debug|x64.Build.0 = Debug|x64
		{8102CCED-B941-4766-AFF8-7C2282506932}.Debug|x86.ActiveCfg = Debug|x86
		{8102CCED-B941-4766-AFF8-7C2282506932}.Debug|x86.Build.0 = Debug|x86
		{8102CCED-B941-4766-AFF8-7C2282506932}.Release|Any CPU.ActiveCfg = Release|Any CPU
		{8102CCED-B941-4766-AFF8-7C2282506932}.Release|Any CPU.Build.0 = Release|Any CPU
		{8102CCED-B941-4766-AFF8-7C2282506932}.Release|ARM.ActiveCfg = Release|Any CPU
		{8102CCED-B941-4766-AFF8-7C2282506932}.Release|ARM.Build.0 = Release|Any CPU
		{8102CCED-B941-4766-AFF8-7C2282506932}.Release|x64.ActiveCfg = Release|x64
		{8102CCED-B941-4766-AFF8-7C2282506932}.Release|x64.Build.0 = Release|x64
		{8102CCED-B941-4766-AFF8-7C2282506932}.Release|x86.ActiveCfg = Release|Any CPU
		{8102CCED-B941-4766-AFF8-7C2282506932}.Release|x86.Build.0 = Release|x86
		{6FDF2E5F-5821-49A6-ABA7-3F85EBC510BE}.Debug|Any CPU.ActiveCfg = Debug|Any CPU
		{6FDF2E5F-5821-49A6-ABA7-3F85EBC510BE}.Debug|Any CPU.Build.0 = Debug|Any CPU
		{6FDF2E5F-5821-49A6-ABA7-3F85EBC510BE}.Debug|ARM.ActiveCfg = Debug|Any CPU
		{6FDF2E5F-5821-49A6-ABA7-3F85EBC510BE}.Debug|ARM.Build.0 = Debug|Any CPU
		{6FDF2E5F-5821-49A6-ABA7-3F85EBC510BE}.Debug|x64.ActiveCfg = Debug|x64
		{6FDF2E5F-5821-49A6-ABA7-3F85EBC510BE}.Debug|x64.Build.0 = Debug|x64
		{6FDF2E5F-5821-49A6-ABA7-3F85EBC510BE}.Debug|x86.ActiveCfg = Debug|x86
		{6FDF2E5F-5821-49A6-ABA7-3F85EBC510BE}.Debug|x86.Build.0 = Debug|x86
		{6FDF2E5F-5821-49A6-ABA7-3F85EBC510BE}.Release|Any CPU.ActiveCfg = Release|Any CPU
		{6FDF2E5F-5821-49A6-ABA7-3F85EBC510BE}.Release|Any CPU.Build.0 = Release|Any CPU
		{6FDF2E5F-5821-49A6-ABA7-3F85EBC510BE}.Release|ARM.ActiveCfg = Release|Any CPU
		{6FDF2E5F-5821-49A6-ABA7-3F85EBC510BE}.Release|ARM.Build.0 = Release|Any CPU
		{6FDF2E5F-5821-49A6-ABA7-3F85EBC510BE}.Release|x64.ActiveCfg = Release|x64
		{6FDF2E5F-5821-49A6-ABA7-3F85EBC510BE}.Release|x64.Build.0 = Release|x64
		{6FDF2E5F-5821-49A6-ABA7-3F85EBC510BE}.Release|x86.ActiveCfg = Release|Any CPU
		{6FDF2E5F-5821-49A6-ABA7-3F85EBC510BE}.Release|x86.Build.0 = Release|x86
		{215E985C-FBD1-4E1F-A27A-4B6631211F7B}.Debug|Any CPU.ActiveCfg = Debug|Any CPU
		{215E985C-FBD1-4E1F-A27A-4B6631211F7B}.Debug|Any CPU.Build.0 = Debug|Any CPU
		{215E985C-FBD1-4E1F-A27A-4B6631211F7B}.Debug|ARM.ActiveCfg = Debug|Any CPU
		{215E985C-FBD1-4E1F-A27A-4B6631211F7B}.Debug|ARM.Build.0 = Debug|Any CPU
		{215E985C-FBD1-4E1F-A27A-4B6631211F7B}.Debug|x64.ActiveCfg = Debug|x64
		{215E985C-FBD1-4E1F-A27A-4B6631211F7B}.Debug|x64.Build.0 = Debug|x64
		{215E985C-FBD1-4E1F-A27A-4B6631211F7B}.Debug|x86.ActiveCfg = Debug|x86
		{215E985C-FBD1-4E1F-A27A-4B6631211F7B}.Debug|x86.Build.0 = Debug|x86
		{215E985C-FBD1-4E1F-A27A-4B6631211F7B}.Release|Any CPU.ActiveCfg = Release|Any CPU
		{215E985C-FBD1-4E1F-A27A-4B6631211F7B}.Release|Any CPU.Build.0 = Release|Any CPU
		{215E985C-FBD1-4E1F-A27A-4B6631211F7B}.Release|ARM.ActiveCfg = Release|Any CPU
		{215E985C-FBD1-4E1F-A27A-4B6631211F7B}.Release|ARM.Build.0 = Release|Any CPU
		{215E985C-FBD1-4E1F-A27A-4B6631211F7B}.Release|x64.ActiveCfg = Release|x64
		{215E985C-FBD1-4E1F-A27A-4B6631211F7B}.Release|x64.Build.0 = Release|x64
		{215E985C-FBD1-4E1F-A27A-4B6631211F7B}.Release|x86.ActiveCfg = Release|x86
		{215E985C-FBD1-4E1F-A27A-4B6631211F7B}.Release|x86.Build.0 = Release|x86
		{1300325F-CBF8-4B28-AF91-E5FDCF08956A}.Debug|Any CPU.ActiveCfg = Debug|Any CPU
		{1300325F-CBF8-4B28-AF91-E5FDCF08956A}.Debug|ARM.ActiveCfg = Debug|Any CPU
		{1300325F-CBF8-4B28-AF91-E5FDCF08956A}.Debug|ARM.Build.0 = Debug|Any CPU
		{1300325F-CBF8-4B28-AF91-E5FDCF08956A}.Debug|x64.ActiveCfg = Debug|x64
		{1300325F-CBF8-4B28-AF91-E5FDCF08956A}.Debug|x64.Build.0 = Debug|x64
		{1300325F-CBF8-4B28-AF91-E5FDCF08956A}.Debug|x86.ActiveCfg = Debug|Any CPU
		{1300325F-CBF8-4B28-AF91-E5FDCF08956A}.Release|Any CPU.ActiveCfg = Release|Any CPU
		{1300325F-CBF8-4B28-AF91-E5FDCF08956A}.Release|ARM.ActiveCfg = Release|Any CPU
		{1300325F-CBF8-4B28-AF91-E5FDCF08956A}.Release|ARM.Build.0 = Release|Any CPU
		{1300325F-CBF8-4B28-AF91-E5FDCF08956A}.Release|x64.ActiveCfg = Release|x64
		{1300325F-CBF8-4B28-AF91-E5FDCF08956A}.Release|x64.Build.0 = Release|x64
		{1300325F-CBF8-4B28-AF91-E5FDCF08956A}.Release|x86.ActiveCfg = Release|Any CPU
		{0E9AD346-142B-4D05-A626-11EB1A68EF95}.Debug|Any CPU.ActiveCfg = Debug|Any CPU
		{0E9AD346-142B-4D05-A626-11EB1A68EF95}.Debug|ARM.ActiveCfg = Debug|Any CPU
		{0E9AD346-142B-4D05-A626-11EB1A68EF95}.Debug|ARM.Build.0 = Debug|Any CPU
		{0E9AD346-142B-4D05-A626-11EB1A68EF95}.Debug|x64.ActiveCfg = Debug|x64
		{0E9AD346-142B-4D05-A626-11EB1A68EF95}.Debug|x64.Build.0 = Debug|x64
		{0E9AD346-142B-4D05-A626-11EB1A68EF95}.Debug|x86.ActiveCfg = Debug|Any CPU
		{0E9AD346-142B-4D05-A626-11EB1A68EF95}.Release|Any CPU.ActiveCfg = Release|Any CPU
		{0E9AD346-142B-4D05-A626-11EB1A68EF95}.Release|ARM.ActiveCfg = Release|Any CPU
		{0E9AD346-142B-4D05-A626-11EB1A68EF95}.Release|ARM.Build.0 = Release|Any CPU
		{0E9AD346-142B-4D05-A626-11EB1A68EF95}.Release|x64.ActiveCfg = Release|x64
		{0E9AD346-142B-4D05-A626-11EB1A68EF95}.Release|x64.Build.0 = Release|x64
		{0E9AD346-142B-4D05-A626-11EB1A68EF95}.Release|x86.ActiveCfg = Release|Any CPU
		{0E9AD346-142B-4D05-A626-11EB1A68EF95}.Release|x86.Build.0 = Release|x86
		{E7959EA0-5C64-476C-888F-831E056A059D}.Debug|Any CPU.ActiveCfg = Debug|Any CPU
		{E7959EA0-5C64-476C-888F-831E056A059D}.Debug|Any CPU.Build.0 = Debug|Any CPU
		{E7959EA0-5C64-476C-888F-831E056A059D}.Debug|ARM.ActiveCfg = Debug|Any CPU
		{E7959EA0-5C64-476C-888F-831E056A059D}.Debug|ARM.Build.0 = Debug|Any CPU
		{E7959EA0-5C64-476C-888F-831E056A059D}.Debug|x64.ActiveCfg = Debug|x64
		{E7959EA0-5C64-476C-888F-831E056A059D}.Debug|x64.Build.0 = Debug|x64
		{E7959EA0-5C64-476C-888F-831E056A059D}.Debug|x86.ActiveCfg = Debug|x86
		{E7959EA0-5C64-476C-888F-831E056A059D}.Debug|x86.Build.0 = Debug|x86
		{E7959EA0-5C64-476C-888F-831E056A059D}.Release|Any CPU.ActiveCfg = Release|Any CPU
		{E7959EA0-5C64-476C-888F-831E056A059D}.Release|Any CPU.Build.0 = Release|Any CPU
		{E7959EA0-5C64-476C-888F-831E056A059D}.Release|ARM.ActiveCfg = Release|Any CPU
		{E7959EA0-5C64-476C-888F-831E056A059D}.Release|ARM.Build.0 = Release|Any CPU
		{E7959EA0-5C64-476C-888F-831E056A059D}.Release|x64.ActiveCfg = Release|x64
		{E7959EA0-5C64-476C-888F-831E056A059D}.Release|x64.Build.0 = Release|x64
		{E7959EA0-5C64-476C-888F-831E056A059D}.Release|x86.ActiveCfg = Release|Any CPU
		{D94BE884-1105-47EF-A29F-64B4374214E5}.Debug|Any CPU.ActiveCfg = Debug|Any CPU
		{D94BE884-1105-47EF-A29F-64B4374214E5}.Debug|Any CPU.Build.0 = Debug|Any CPU
		{D94BE884-1105-47EF-A29F-64B4374214E5}.Debug|ARM.ActiveCfg = Debug|Any CPU
		{D94BE884-1105-47EF-A29F-64B4374214E5}.Debug|ARM.Build.0 = Debug|Any CPU
		{D94BE884-1105-47EF-A29F-64B4374214E5}.Debug|x64.ActiveCfg = Debug|x64
		{D94BE884-1105-47EF-A29F-64B4374214E5}.Debug|x64.Build.0 = Debug|x64
		{D94BE884-1105-47EF-A29F-64B4374214E5}.Debug|x86.ActiveCfg = Debug|x86
		{D94BE884-1105-47EF-A29F-64B4374214E5}.Debug|x86.Build.0 = Debug|x86
		{D94BE884-1105-47EF-A29F-64B4374214E5}.Release|Any CPU.ActiveCfg = Release|Any CPU
		{D94BE884-1105-47EF-A29F-64B4374214E5}.Release|Any CPU.Build.0 = Release|Any CPU
		{D94BE884-1105-47EF-A29F-64B4374214E5}.Release|ARM.ActiveCfg = Release|Any CPU
		{D94BE884-1105-47EF-A29F-64B4374214E5}.Release|ARM.Build.0 = Release|Any CPU
		{D94BE884-1105-47EF-A29F-64B4374214E5}.Release|x64.ActiveCfg = Release|x64
		{D94BE884-1105-47EF-A29F-64B4374214E5}.Release|x64.Build.0 = Release|x64
		{D94BE884-1105-47EF-A29F-64B4374214E5}.Release|x86.ActiveCfg = Release|Any CPU
		{B19A6562-75F7-4698-B751-B1A10D02BD95}.Debug|Any CPU.ActiveCfg = Debug|Any CPU
		{B19A6562-75F7-4698-B751-B1A10D02BD95}.Debug|Any CPU.Build.0 = Debug|Any CPU
		{B19A6562-75F7-4698-B751-B1A10D02BD95}.Debug|ARM.ActiveCfg = Debug|Any CPU
		{B19A6562-75F7-4698-B751-B1A10D02BD95}.Debug|ARM.Build.0 = Debug|Any CPU
		{B19A6562-75F7-4698-B751-B1A10D02BD95}.Debug|x64.ActiveCfg = Debug|x64
		{B19A6562-75F7-4698-B751-B1A10D02BD95}.Debug|x64.Build.0 = Debug|x64
		{B19A6562-75F7-4698-B751-B1A10D02BD95}.Debug|x86.ActiveCfg = Debug|x86
		{B19A6562-75F7-4698-B751-B1A10D02BD95}.Debug|x86.Build.0 = Debug|x86
		{B19A6562-75F7-4698-B751-B1A10D02BD95}.Release|Any CPU.ActiveCfg = Release|Any CPU
		{B19A6562-75F7-4698-B751-B1A10D02BD95}.Release|Any CPU.Build.0 = Release|Any CPU
		{B19A6562-75F7-4698-B751-B1A10D02BD95}.Release|ARM.ActiveCfg = Release|Any CPU
		{B19A6562-75F7-4698-B751-B1A10D02BD95}.Release|ARM.Build.0 = Release|Any CPU
		{B19A6562-75F7-4698-B751-B1A10D02BD95}.Release|x64.ActiveCfg = Release|x64
		{B19A6562-75F7-4698-B751-B1A10D02BD95}.Release|x64.Build.0 = Release|x64
		{B19A6562-75F7-4698-B751-B1A10D02BD95}.Release|x86.ActiveCfg = Release|Any CPU
		{0551EAAC-8848-4FB7-91EE-28EC8231E7F4}.Debug|Any CPU.ActiveCfg = Debug|Any CPU
		{0551EAAC-8848-4FB7-91EE-28EC8231E7F4}.Debug|Any CPU.Build.0 = Debug|Any CPU
		{0551EAAC-8848-4FB7-91EE-28EC8231E7F4}.Debug|ARM.ActiveCfg = Debug|Any CPU
		{0551EAAC-8848-4FB7-91EE-28EC8231E7F4}.Debug|ARM.Build.0 = Debug|Any CPU
		{0551EAAC-8848-4FB7-91EE-28EC8231E7F4}.Debug|x64.ActiveCfg = Debug|x64
		{0551EAAC-8848-4FB7-91EE-28EC8231E7F4}.Debug|x64.Build.0 = Debug|x64
		{0551EAAC-8848-4FB7-91EE-28EC8231E7F4}.Debug|x86.ActiveCfg = Debug|x86
		{0551EAAC-8848-4FB7-91EE-28EC8231E7F4}.Debug|x86.Build.0 = Debug|x86
		{0551EAAC-8848-4FB7-91EE-28EC8231E7F4}.Release|Any CPU.ActiveCfg = Release|Any CPU
		{0551EAAC-8848-4FB7-91EE-28EC8231E7F4}.Release|Any CPU.Build.0 = Release|Any CPU
		{0551EAAC-8848-4FB7-91EE-28EC8231E7F4}.Release|ARM.ActiveCfg = Release|Any CPU
		{0551EAAC-8848-4FB7-91EE-28EC8231E7F4}.Release|ARM.Build.0 = Release|Any CPU
		{0551EAAC-8848-4FB7-91EE-28EC8231E7F4}.Release|x64.ActiveCfg = Release|x64
		{0551EAAC-8848-4FB7-91EE-28EC8231E7F4}.Release|x64.Build.0 = Release|x64
		{0551EAAC-8848-4FB7-91EE-28EC8231E7F4}.Release|x86.ActiveCfg = Release|Any CPU
		{C181F9BB-7B68-40B0-B829-8A87D23BB127}.Debug|Any CPU.ActiveCfg = Debug|Any CPU
		{C181F9BB-7B68-40B0-B829-8A87D23BB127}.Debug|Any CPU.Build.0 = Debug|Any CPU
		{C181F9BB-7B68-40B0-B829-8A87D23BB127}.Debug|ARM.ActiveCfg = Debug|Any CPU
		{C181F9BB-7B68-40B0-B829-8A87D23BB127}.Debug|ARM.Build.0 = Debug|Any CPU
		{C181F9BB-7B68-40B0-B829-8A87D23BB127}.Debug|x64.ActiveCfg = Debug|x64
		{C181F9BB-7B68-40B0-B829-8A87D23BB127}.Debug|x64.Build.0 = Debug|x64
		{C181F9BB-7B68-40B0-B829-8A87D23BB127}.Debug|x86.ActiveCfg = Debug|x86
		{C181F9BB-7B68-40B0-B829-8A87D23BB127}.Debug|x86.Build.0 = Debug|x86
		{C181F9BB-7B68-40B0-B829-8A87D23BB127}.Release|Any CPU.ActiveCfg = Release|Any CPU
		{C181F9BB-7B68-40B0-B829-8A87D23BB127}.Release|Any CPU.Build.0 = Release|Any CPU
		{C181F9BB-7B68-40B0-B829-8A87D23BB127}.Release|ARM.ActiveCfg = Release|Any CPU
		{C181F9BB-7B68-40B0-B829-8A87D23BB127}.Release|ARM.Build.0 = Release|Any CPU
		{C181F9BB-7B68-40B0-B829-8A87D23BB127}.Release|x64.ActiveCfg = Release|x64
		{C181F9BB-7B68-40B0-B829-8A87D23BB127}.Release|x64.Build.0 = Release|x64
		{C181F9BB-7B68-40B0-B829-8A87D23BB127}.Release|x86.ActiveCfg = Release|Any CPU
		{C6384700-6BD4-4BD1-B3CD-6A2D79707978}.Debug|Any CPU.ActiveCfg = Debug|Any CPU
		{C6384700-6BD4-4BD1-B3CD-6A2D79707978}.Debug|Any CPU.Build.0 = Debug|Any CPU
		{C6384700-6BD4-4BD1-B3CD-6A2D79707978}.Debug|ARM.ActiveCfg = Debug|Any CPU
		{C6384700-6BD4-4BD1-B3CD-6A2D79707978}.Debug|ARM.Build.0 = Debug|Any CPU
		{C6384700-6BD4-4BD1-B3CD-6A2D79707978}.Debug|x64.ActiveCfg = Debug|x64
		{C6384700-6BD4-4BD1-B3CD-6A2D79707978}.Debug|x64.Build.0 = Debug|x64
		{C6384700-6BD4-4BD1-B3CD-6A2D79707978}.Debug|x86.ActiveCfg = Debug|Any CPU
		{C6384700-6BD4-4BD1-B3CD-6A2D79707978}.Debug|x86.Build.0 = Debug|Any CPU
		{C6384700-6BD4-4BD1-B3CD-6A2D79707978}.Release|Any CPU.ActiveCfg = Release|Any CPU
		{C6384700-6BD4-4BD1-B3CD-6A2D79707978}.Release|Any CPU.Build.0 = Release|Any CPU
		{C6384700-6BD4-4BD1-B3CD-6A2D79707978}.Release|ARM.ActiveCfg = Release|Any CPU
		{C6384700-6BD4-4BD1-B3CD-6A2D79707978}.Release|ARM.Build.0 = Release|Any CPU
		{C6384700-6BD4-4BD1-B3CD-6A2D79707978}.Release|x64.ActiveCfg = Release|x64
		{C6384700-6BD4-4BD1-B3CD-6A2D79707978}.Release|x64.Build.0 = Release|x64
		{C6384700-6BD4-4BD1-B3CD-6A2D79707978}.Release|x86.ActiveCfg = Release|Any CPU
		{C6384700-6BD4-4BD1-B3CD-6A2D79707978}.Release|x86.Build.0 = Release|Any CPU
		{7E9B226C-0E2B-42B9-BC2B-9AE3CA7E1813}.Debug|Any CPU.ActiveCfg = Debug|Any CPU
		{7E9B226C-0E2B-42B9-BC2B-9AE3CA7E1813}.Debug|Any CPU.Build.0 = Debug|Any CPU
		{7E9B226C-0E2B-42B9-BC2B-9AE3CA7E1813}.Debug|ARM.ActiveCfg = Debug|Any CPU
		{7E9B226C-0E2B-42B9-BC2B-9AE3CA7E1813}.Debug|ARM.Build.0 = Debug|Any CPU
		{7E9B226C-0E2B-42B9-BC2B-9AE3CA7E1813}.Debug|x64.ActiveCfg = Debug|x64
		{7E9B226C-0E2B-42B9-BC2B-9AE3CA7E1813}.Debug|x64.Build.0 = Debug|x64
		{7E9B226C-0E2B-42B9-BC2B-9AE3CA7E1813}.Debug|x86.ActiveCfg = Debug|Any CPU
		{7E9B226C-0E2B-42B9-BC2B-9AE3CA7E1813}.Debug|x86.Build.0 = Debug|Any CPU
		{7E9B226C-0E2B-42B9-BC2B-9AE3CA7E1813}.Release|Any CPU.ActiveCfg = Release|Any CPU
		{7E9B226C-0E2B-42B9-BC2B-9AE3CA7E1813}.Release|Any CPU.Build.0 = Release|Any CPU
		{7E9B226C-0E2B-42B9-BC2B-9AE3CA7E1813}.Release|ARM.ActiveCfg = Release|Any CPU
		{7E9B226C-0E2B-42B9-BC2B-9AE3CA7E1813}.Release|ARM.Build.0 = Release|Any CPU
		{7E9B226C-0E2B-42B9-BC2B-9AE3CA7E1813}.Release|x64.ActiveCfg = Release|x64
		{7E9B226C-0E2B-42B9-BC2B-9AE3CA7E1813}.Release|x64.Build.0 = Release|x64
		{7E9B226C-0E2B-42B9-BC2B-9AE3CA7E1813}.Release|x86.ActiveCfg = Release|Any CPU
		{7E9B226C-0E2B-42B9-BC2B-9AE3CA7E1813}.Release|x86.Build.0 = Release|Any CPU
		{5A9B52D6-4FCC-4295-A5BB-FD3299D01ECD}.Debug|Any CPU.ActiveCfg = Debug|Any CPU
		{5A9B52D6-4FCC-4295-A5BB-FD3299D01ECD}.Debug|Any CPU.Build.0 = Debug|Any CPU
		{5A9B52D6-4FCC-4295-A5BB-FD3299D01ECD}.Debug|ARM.ActiveCfg = Debug|Any CPU
		{5A9B52D6-4FCC-4295-A5BB-FD3299D01ECD}.Debug|ARM.Build.0 = Debug|Any CPU
		{5A9B52D6-4FCC-4295-A5BB-FD3299D01ECD}.Debug|x64.ActiveCfg = Debug|x64
		{5A9B52D6-4FCC-4295-A5BB-FD3299D01ECD}.Debug|x64.Build.0 = Debug|x64
		{5A9B52D6-4FCC-4295-A5BB-FD3299D01ECD}.Debug|x86.ActiveCfg = Debug|Any CPU
		{5A9B52D6-4FCC-4295-A5BB-FD3299D01ECD}.Debug|x86.Build.0 = Debug|Any CPU
		{5A9B52D6-4FCC-4295-A5BB-FD3299D01ECD}.Release|Any CPU.ActiveCfg = Release|Any CPU
		{5A9B52D6-4FCC-4295-A5BB-FD3299D01ECD}.Release|Any CPU.Build.0 = Release|Any CPU
		{5A9B52D6-4FCC-4295-A5BB-FD3299D01ECD}.Release|ARM.ActiveCfg = Release|Any CPU
		{5A9B52D6-4FCC-4295-A5BB-FD3299D01ECD}.Release|ARM.Build.0 = Release|Any CPU
		{5A9B52D6-4FCC-4295-A5BB-FD3299D01ECD}.Release|x64.ActiveCfg = Release|x64
		{5A9B52D6-4FCC-4295-A5BB-FD3299D01ECD}.Release|x64.Build.0 = Release|x64
		{5A9B52D6-4FCC-4295-A5BB-FD3299D01ECD}.Release|x86.ActiveCfg = Release|Any CPU
		{5A9B52D6-4FCC-4295-A5BB-FD3299D01ECD}.Release|x86.Build.0 = Release|Any CPU
		{84B30F21-1746-47E9-9CF0-2D34A3A97014}.Debug|Any CPU.ActiveCfg = Debug|Any CPU
		{84B30F21-1746-47E9-9CF0-2D34A3A97014}.Debug|Any CPU.Build.0 = Debug|Any CPU
		{84B30F21-1746-47E9-9CF0-2D34A3A97014}.Debug|ARM.ActiveCfg = Debug|Any CPU
		{84B30F21-1746-47E9-9CF0-2D34A3A97014}.Debug|x64.ActiveCfg = Debug|x64
		{84B30F21-1746-47E9-9CF0-2D34A3A97014}.Debug|x64.Build.0 = Debug|x64
		{84B30F21-1746-47E9-9CF0-2D34A3A97014}.Debug|x86.ActiveCfg = Debug|Any CPU
		{84B30F21-1746-47E9-9CF0-2D34A3A97014}.Debug|x86.Build.0 = Debug|Any CPU
		{84B30F21-1746-47E9-9CF0-2D34A3A97014}.Release|Any CPU.ActiveCfg = Release|Any CPU
		{84B30F21-1746-47E9-9CF0-2D34A3A97014}.Release|Any CPU.Build.0 = Release|Any CPU
		{84B30F21-1746-47E9-9CF0-2D34A3A97014}.Release|ARM.ActiveCfg = Release|Any CPU
		{84B30F21-1746-47E9-9CF0-2D34A3A97014}.Release|x64.ActiveCfg = Release|x64
		{84B30F21-1746-47E9-9CF0-2D34A3A97014}.Release|x64.Build.0 = Release|x64
		{84B30F21-1746-47E9-9CF0-2D34A3A97014}.Release|x86.ActiveCfg = Release|Any CPU
		{84B30F21-1746-47E9-9CF0-2D34A3A97014}.Release|x86.Build.0 = Release|Any CPU
		{553B3052-A27C-47BF-9A05-D81C6AD9D829}.Debug|Any CPU.ActiveCfg = Debug|Any CPU
		{553B3052-A27C-47BF-9A05-D81C6AD9D829}.Debug|Any CPU.Build.0 = Debug|Any CPU
		{553B3052-A27C-47BF-9A05-D81C6AD9D829}.Debug|ARM.ActiveCfg = Debug|Any CPU
		{553B3052-A27C-47BF-9A05-D81C6AD9D829}.Debug|ARM.Build.0 = Debug|Any CPU
		{553B3052-A27C-47BF-9A05-D81C6AD9D829}.Debug|x64.ActiveCfg = Debug|x64
		{553B3052-A27C-47BF-9A05-D81C6AD9D829}.Debug|x64.Build.0 = Debug|x64
		{553B3052-A27C-47BF-9A05-D81C6AD9D829}.Debug|x86.ActiveCfg = Debug|Any CPU
		{553B3052-A27C-47BF-9A05-D81C6AD9D829}.Debug|x86.Build.0 = Debug|Any CPU
		{553B3052-A27C-47BF-9A05-D81C6AD9D829}.Release|Any CPU.ActiveCfg = Release|Any CPU
		{553B3052-A27C-47BF-9A05-D81C6AD9D829}.Release|Any CPU.Build.0 = Release|Any CPU
		{553B3052-A27C-47BF-9A05-D81C6AD9D829}.Release|ARM.ActiveCfg = Release|Any CPU
		{553B3052-A27C-47BF-9A05-D81C6AD9D829}.Release|ARM.Build.0 = Release|Any CPU
		{553B3052-A27C-47BF-9A05-D81C6AD9D829}.Release|x64.ActiveCfg = Release|x64
		{553B3052-A27C-47BF-9A05-D81C6AD9D829}.Release|x64.Build.0 = Release|x64
		{553B3052-A27C-47BF-9A05-D81C6AD9D829}.Release|x86.ActiveCfg = Release|Any CPU
		{553B3052-A27C-47BF-9A05-D81C6AD9D829}.Release|x86.Build.0 = Release|Any CPU
		{53A4AF81-7C7E-41F1-814A-BE292507C64B}.Debug|Any CPU.ActiveCfg = Debug|Any CPU
		{53A4AF81-7C7E-41F1-814A-BE292507C64B}.Debug|Any CPU.Build.0 = Debug|Any CPU
		{53A4AF81-7C7E-41F1-814A-BE292507C64B}.Debug|ARM.ActiveCfg = Debug|Any CPU
		{53A4AF81-7C7E-41F1-814A-BE292507C64B}.Debug|ARM.Build.0 = Debug|Any CPU
		{53A4AF81-7C7E-41F1-814A-BE292507C64B}.Debug|x64.ActiveCfg = Debug|Any CPU
		{53A4AF81-7C7E-41F1-814A-BE292507C64B}.Debug|x64.Build.0 = Debug|Any CPU
		{53A4AF81-7C7E-41F1-814A-BE292507C64B}.Debug|x86.ActiveCfg = Debug|Any CPU
		{53A4AF81-7C7E-41F1-814A-BE292507C64B}.Debug|x86.Build.0 = Debug|Any CPU
		{53A4AF81-7C7E-41F1-814A-BE292507C64B}.Release|Any CPU.ActiveCfg = Release|Any CPU
		{53A4AF81-7C7E-41F1-814A-BE292507C64B}.Release|Any CPU.Build.0 = Release|Any CPU
		{53A4AF81-7C7E-41F1-814A-BE292507C64B}.Release|ARM.ActiveCfg = Release|Any CPU
		{53A4AF81-7C7E-41F1-814A-BE292507C64B}.Release|ARM.Build.0 = Release|Any CPU
		{53A4AF81-7C7E-41F1-814A-BE292507C64B}.Release|x64.ActiveCfg = Release|Any CPU
		{53A4AF81-7C7E-41F1-814A-BE292507C64B}.Release|x64.Build.0 = Release|Any CPU
		{53A4AF81-7C7E-41F1-814A-BE292507C64B}.Release|x86.ActiveCfg = Release|Any CPU
		{53A4AF81-7C7E-41F1-814A-BE292507C64B}.Release|x86.Build.0 = Release|Any CPU
		{F7AE078A-CB37-4477-9E2F-B696E1BCF29A}.Debug|Any CPU.ActiveCfg = Debug|Any CPU
		{F7AE078A-CB37-4477-9E2F-B696E1BCF29A}.Debug|Any CPU.Build.0 = Debug|Any CPU
		{F7AE078A-CB37-4477-9E2F-B696E1BCF29A}.Debug|ARM.ActiveCfg = Debug|Any CPU
		{F7AE078A-CB37-4477-9E2F-B696E1BCF29A}.Debug|ARM.Build.0 = Debug|Any CPU
		{F7AE078A-CB37-4477-9E2F-B696E1BCF29A}.Debug|x64.ActiveCfg = Debug|Any CPU
		{F7AE078A-CB37-4477-9E2F-B696E1BCF29A}.Debug|x64.Build.0 = Debug|Any CPU
		{F7AE078A-CB37-4477-9E2F-B696E1BCF29A}.Debug|x86.ActiveCfg = Debug|Any CPU
		{F7AE078A-CB37-4477-9E2F-B696E1BCF29A}.Debug|x86.Build.0 = Debug|Any CPU
		{F7AE078A-CB37-4477-9E2F-B696E1BCF29A}.Release|Any CPU.ActiveCfg = Release|Any CPU
		{F7AE078A-CB37-4477-9E2F-B696E1BCF29A}.Release|Any CPU.Build.0 = Release|Any CPU
		{F7AE078A-CB37-4477-9E2F-B696E1BCF29A}.Release|ARM.ActiveCfg = Release|Any CPU
		{F7AE078A-CB37-4477-9E2F-B696E1BCF29A}.Release|ARM.Build.0 = Release|Any CPU
		{F7AE078A-CB37-4477-9E2F-B696E1BCF29A}.Release|x64.ActiveCfg = Release|Any CPU
		{F7AE078A-CB37-4477-9E2F-B696E1BCF29A}.Release|x64.Build.0 = Release|Any CPU
		{F7AE078A-CB37-4477-9E2F-B696E1BCF29A}.Release|x86.ActiveCfg = Release|Any CPU
		{F7AE078A-CB37-4477-9E2F-B696E1BCF29A}.Release|x86.Build.0 = Release|Any CPU
	EndGlobalSection
	GlobalSection(SolutionProperties) = preSolution
		HideSolutionNode = FALSE
	EndGlobalSection
EndGlobal
